
Microsoft Visual Studio Solution File, Format Version 12.00
# Visual Studio Version 17
VisualStudioVersion = 17.5.002.0
MinimumVisualStudioVersion = 10.0.40219.1
Project("{9A19103F-16F7-4668-BE54-9A1E7A4F7556}") = "DoAn_LapTrinhWeb", "DoAn_LapTrinhWeb.csproj", "{0BCB47EA-5114-4782-A42E-33A4D37CD061}"
EndProject
Global
	GlobalSection(SolutionConfigurationPlatforms) = preSolution
		Debug|Any CPU = Debug|Any CPU
		Release|Any CPU = Release|Any CPU
	EndGlobalSection
	GlobalSection(ProjectConfigurationPlatforms) = postSolution
		{0BCB47EA-5114-4782-A42E-33A4D37CD061}.Debug|Any CPU.ActiveCfg = Debug|Any CPU
		{0BCB47EA-5114-4782-A42E-33A4D37CD061}.Debug|Any CPU.Build.0 = Debug|Any CPU
		{0BCB47EA-5114-4782-A42E-33A4D37CD061}.Release|Any CPU.ActiveCfg = Release|Any CPU
		{0BCB47EA-5114-4782-A42E-33A4D37CD061}.Release|Any CPU.Build.0 = Release|Any CPU
	EndGlobalSection
	GlobalSection(SolutionProperties) = preSolution
		HideSolutionNode = FALSE
	EndGlobalSection
	GlobalSection(ExtensibilityGlobals) = postSolution
		SolutionGuid = {81F150E2-5490-4BB0-B7FA-834087B2F32E}
	EndGlobalSection
EndGlobal
